
Microsoft Visual Studio Solution File, Format Version 12.00
# Visual Studio Version 17
VisualStudioVersion = 17.5.002.0
MinimumVisualStudioVersion = 10.0.40219.1
Project("{9A19103F-16F7-4668-BE54-9A1E7A4F7556}") = "WebScraper", "WebScraper.csproj", "{58D74F3B-CD36-438F-B044-0A802EF33BAD}"
EndProject
Global
	GlobalSection(SolutionConfigurationPlatforms) = preSolution
		Debug|Any CPU = Debug|Any CPU
		Release|Any CPU = Release|Any CPU
	EndGlobalSection
	GlobalSection(ProjectConfigurationPlatforms) = postSolution
		{58D74F3B-CD36-438F-B044-0A802EF33BAD}.Debug|Any CPU.ActiveCfg = Debug|Any CPU
		{58D74F3B-CD36-438F-B044-0A802EF33BAD}.Debug|Any CPU.Build.0 = Debug|Any CPU
		{58D74F3B-CD36-438F-B044-0A802EF33BAD}.Release|Any CPU.ActiveCfg = Release|Any CPU
		{58D74F3B-CD36-438F-B044-0A802EF33BAD}.Release|Any CPU.Build.0 = Release|Any CPU
	EndGlobalSection
	GlobalSection(SolutionProperties) = preSolution
		HideSolutionNode = FALSE
	EndGlobalSection
	GlobalSection(ExtensibilityGlobals) = postSolution
		SolutionGuid = {49FEE9F4-374D-4AD4-AA64-B24DB49D206B}
	EndGlobalSection
EndGlobal
